{
  "lockfileVersion": 1,
  "configVersion": 1,
  "workspaces": {
    "": {
      "name": "aile.sh",
      "devDependencies": {
        "@scure/bip39": "^2.4.0",
        "@solana-program/system": "^0.15.0",
        "@solana-program/token": "^0.17.0",
        "@solana/kit": "^8.3.0",
        "@x402/core": "^2.27.0",
        "@x402/svm": "^2.27.0",
        "jsqr": "^1.4.0",
        "node-forge": "^1.4.0",
        "uqr": "^0.1.3",
      },
    },
  },
  "packages": {
    "@noble/hashes": ["@noble/hashes@2.4.0", "", {}, "sha512-X5XaVWZIBCT7HHZGm5I7ZQXDwLG+bGXuSrMQAW+7Zvl87h1kmc1ZB1VSRJcpUfoUrGQp4Fkoxm5kZ+Ms+aW+eA=="],

    "@scure/bip39": ["@scure/bip39@2.4.0", "", { "dependencies": { "@noble/hashes": "2.4.0" } }, "sha512-82dxFbZUYboyOf0AXiydsQrFQ5Q4h9mX+O2UkE91ROYmsc0BKMGZLwDmy96Jpa2+vrtoxomjUhy1RPIgH/r2nA=="],

    "@solana-program/compute-budget": ["@solana-program/compute-budget@0.11.0", "", { "peerDependencies": { "@solana/kit": "^5.0" } }, "sha512-7f1ePqB/eURkTwTOO9TNIdUXZcyrZoX3Uy2hNo7cXMfNhPFWp9AVgIyRNBc2jf15sdUa9gNpW+PfP2iV8AYAaw=="],

    "@solana-program/system": ["@solana-program/system@0.15.0", "", { "peerDependencies": { "@solana/kit": "^8.3.0" } }, "sha512-xE08wZCyNRhOaO/XNRd9A3kSLfUrTe/BnmAHhql8uqc2eriNy2ZmnvaGRrs0m+kOSihvUbANzHljmJsTzGL5kg=="],

    "@solana-program/token": ["@solana-program/token@0.17.0", "", { "dependencies": { "@solana-program/system": "^0.15.0" }, "peerDependencies": { "@solana/kit": "^8.3.0" } }, "sha512-l7EhF3lCWXXdOllGI8qnbF4Pj7pCT/5zJTW2lPsNUQfa7G28pnFhSssHW2GCW7dzGttSHgPdJYdQRB5rvQoN9Q=="],

    "@solana-program/token-2022": ["@solana-program/token-2022@0.6.1", "", { "peerDependencies": { "@solana/kit": "^5.0", "@solana/sysvars": "^5.0" } }, "sha512-Ex02cruDMGfBMvZZCrggVR45vdQQSI/unHVpt/7HPt/IwFYB4eTlXtO8otYZyqV/ce5GqZ8S6uwyRf0zy6fdbA=="],

    "@solana/accounts": ["@solana/accounts@8.3.0", "", { "dependencies": { "@solana/addresses": "8.3.0", "@solana/codecs-core": "8.3.0", "@solana/codecs-strings": "8.3.0", "@solana/errors": "8.3.0", "@solana/rpc-spec": "8.3.0", "@solana/rpc-types": "8.3.0" }, "peerDependencies": { "typescript": ">=5.4.0" }, "optionalPeers": ["typescript"] }, "sha512-HNVCs4yyE5kTRHVD3ApuKuByuO85GHE6Ns7I/yMB9vXhFgZjGzFhOGi/YCjlWpIk3RqTyX7wGniHyEb49R3ELQ=="],

    "@solana/addresses": ["@solana/addresses@8.3.0", "", { "dependencies": { "@solana/assertions": "8.3.0", "@solana/codecs-core": "8.3.0", "@solana/codecs-strings": "8.3.0", "@solana/errors": "8.3.0", "@solana/nominal-types": "8.3.0" }, "peerDependencies": { "typescript": ">=5.4.0" }, "optionalPeers": ["typescript"] }, "sha512-HSAPbu5TpHYZqUo9SBALvDeOyfU1Cdtk9PCmxv+YjclNuDVbh+yMnesZ614zjhKJ8clvyidWSgmISjlFCJv6qA=="],

    "@solana/assertions": ["@solana/assertions@8.3.0", "", { "dependencies": { "@solana/errors": "8.3.0" }, "peerDependencies": { "typescript": ">=5.4.0" }, "optionalPeers": ["typescript"] }, "sha512-6NI79X6VANpq1b1BAnQevCs63dW4l3XKSbikVd5k8mlIsURlCTFdtrbXfQInqsUWZJWElf7ZLQu7RkbBOj6wuw=="],

    "@solana/codecs": ["@solana/codecs@8.3.0", "", { "dependencies": { "@solana/codecs-core": "8.3.0", "@solana/codecs-data-structures": "8.3.0", "@solana/codecs-numbers": "8.3.0", "@solana/codecs-strings": "8.3.0", "@solana/fixed-points": "8.3.0", "@solana/options": "8.3.0" }, "peerDependencies": { "typescript": ">=5.4.0" }, "optionalPeers": ["typescript"] }, "sha512-BtiHdl7pDw6tadQAn3Vi1s0wgp0BGQ3ndTQRBtxuwmyCzlGfyuvMBq+ynkuGWwknvOpU2eTNEO84U/b7wqLB7w=="],

    "@solana/codecs-core": ["@solana/codecs-core@8.3.0", "", { "dependencies": { "@solana/errors": "8.3.0" }, "peerDependencies": { "typescript": ">=5.4.0" }, "optionalPeers": ["typescript"] }, "sha512-rpt01CPeF4FhTTJHyr0Tr4n8U1shYPhe7q2mcmTYyKPATYAkyb5CLHnYKnN6LO71EZSFq3Y2Wm27rwWcBvAJzg=="],

    "@solana/codecs-data-structures": ["@solana/codecs-data-structures@8.3.0", "", { "dependencies": { "@solana/codecs-core": "8.3.0", "@solana/codecs-numbers": "8.3.0", "@solana/errors": "8.3.0" }, "peerDependencies": { "typescript": ">=5.4.0" }, "optionalPeers": ["typescript"] }, "sha512-ojwHBnDia6VtkoCzppJGXJ1JZkQ4teYToTRu0e4N5dEkZlFU5EmpeX+1xsw7gu4bR9cNXXMWbWw4uFgVM8Nd6Q=="],

    "@solana/codecs-numbers": ["@solana/codecs-numbers@8.3.0", "", { "dependencies": { "@solana/codecs-core": "8.3.0", "@solana/errors": "8.3.0" }, "peerDependencies": { "typescript": ">=5.4.0" }, "optionalPeers": ["typescript"] }, "sha512-12u+Y9ERE+gqraV1g0BP/5QxbamukFub05kyj3d3s6V/26ZEby6ReHJ8yuKtPl9fIUnfoQ2M4+th/7u5+5v14w=="],

    "@solana/codecs-strings": ["@solana/codecs-strings@8.3.0", "", { "dependencies": { "@solana/codecs-core": "8.3.0", "@solana/codecs-numbers": "8.3.0", "@solana/errors": "8.3.0" }, "peerDependencies": { "fastestsmallesttextencoderdecoder": "^1.0.22", "typescript": ">=5.4.0" }, "optionalPeers": ["fastestsmallesttextencoderdecoder", "typescript"] }, "sha512-S7rZrc1B90AS0QVRlo6+6cX2t+0TGtsadsPWdfA7tXcaDKQfQn4C/6OJxJ7/n8ugw8LMgGC+Xcs81ii4nIp6aQ=="],

    "@solana/errors": ["@solana/errors@8.3.0", "", { "dependencies": { "chalk": "5.6.2", "commander": "15.0.0" }, "peerDependencies": { "typescript": ">=5.4.0" }, "optionalPeers": ["typescript"], "bin": { "errors": "bin/cli.mjs" } }, "sha512-XsoQ5ThBOwfMz1KS7I2zZoduLxUYFe+NHuRAm/gt+uk44nnXqwzNJHo/9GEMqJqxafViqvfRZ35GF1fDkwW32Q=="],

    "@solana/fast-stable-stringify": ["@solana/fast-stable-stringify@8.3.0", "", { "peerDependencies": { "typescript": ">=5.4.0" }, "optionalPeers": ["typescript"] }, "sha512-QVVSFQPLJaFeUFekWHe04TUr5rL2QbgPCEK0HcmlOLgCWTvduwj1D9e73jjYzL5HU1QRyUfzkw+GnSw95nvjLg=="],

    "@solana/fixed-points": ["@solana/fixed-points@8.3.0", "", { "dependencies": { "@solana/codecs-core": "8.3.0", "@solana/errors": "8.3.0" }, "peerDependencies": { "typescript": ">=5.4.0" }, "optionalPeers": ["typescript"] }, "sha512-cah+OuTSXqSMRlTQdj3sQmf7RK1m2RG50RzSgLFWeAAl+WCsoR4pyGPFxhQMw9JdaniqOUkKKB3ppxTMgfoHEg=="],

    "@solana/functional": ["@solana/functional@8.3.0", "", { "peerDependencies": { "typescript": ">=5.4.0" }, "optionalPeers": ["typescript"] }, "sha512-HBtC8tA8q73JQYHFaNROGiBLcwPcbQHldN7f1NqCgYY9x/iIt/zvWPeoxiRkncYCE9MwDLyWMq3LnetjqOifOA=="],

    "@solana/instruction-plans": ["@solana/instruction-plans@8.3.0", "", { "dependencies": { "@solana/errors": "8.3.0", "@solana/instructions": "8.3.0", "@solana/keys": "8.3.0", "@solana/promises": "8.3.0", "@solana/transaction-messages": "8.3.0", "@solana/transactions": "8.3.0" }, "peerDependencies": { "typescript": ">=5.4.0" }, "optionalPeers": ["typescript"] }, "sha512-ltuS+fTWsNQokFxK8StQzn/ZDkrR/P4Pao5EpQxYHPQQ+Z83g61kWFEnR+bB9WBDUZwu2CJptNXItKSgGOWwmg=="],

    "@solana/instructions": ["@solana/instructions@8.3.0", "", { "dependencies": { "@solana/codecs-core": "8.3.0", "@solana/errors": "8.3.0" }, "peerDependencies": { "typescript": ">=5.4.0" }, "optionalPeers": ["typescript"] }, "sha512-piAAqqC5NEvN2Mf2FP6PWogl8qCVg/2cEt+LKyq89P0sNbaeMPK11wGcZR6e3LEBMBSnjAw4DbDerDWg6GC0eg=="],

    "@solana/keys": ["@solana/keys@8.3.0", "", { "dependencies": { "@solana/assertions": "8.3.0", "@solana/codecs-core": "8.3.0", "@solana/codecs-strings": "8.3.0", "@solana/errors": "8.3.0", "@solana/nominal-types": "8.3.0", "@solana/promises": "8.3.0" }, "peerDependencies": { "typescript": ">=5.4.0" }, "optionalPeers": ["typescript"] }, "sha512-Fs8rtmxliPlDu/6iJniU4FfvUfD63OSxIAbMv2CyNvK9fg7dmQ9fUEBuK3WpwAlpKwhEHCzaFSWNUaB2SmeviQ=="],

    "@solana/kit": ["@solana/kit@8.3.0", "", { "dependencies": { "@solana/accounts": "8.3.0", "@solana/addresses": "8.3.0", "@solana/codecs": "8.3.0", "@solana/errors": "8.3.0", "@solana/functional": "8.3.0", "@solana/instruction-plans": "8.3.0", "@solana/instructions": "8.3.0", "@solana/keys": "8.3.0", "@solana/offchain-messages": "8.3.0", "@solana/plugin-core": "8.3.0", "@solana/plugin-interfaces": "8.3.0", "@solana/program-client-core": "8.3.0", "@solana/programs": "8.3.0", "@solana/promises": "8.3.0", "@solana/rpc": "8.3.0", "@solana/rpc-api": "8.3.0", "@solana/rpc-parsed-types": "8.3.0", "@solana/rpc-spec-types": "8.3.0", "@solana/rpc-subscriptions": "8.3.0", "@solana/rpc-types": "8.3.0", "@solana/signers": "8.3.0", "@solana/subscribable": "8.3.0", "@solana/sysvars": "8.3.0", "@solana/transaction-confirmation": "8.3.0", "@solana/transaction-introspection": "8.3.0", "@solana/transaction-messages": "8.3.0", "@solana/transactions": "8.3.0" }, "peerDependencies": { "typescript": ">=5.4.0" }, "optionalPeers": ["typescript"] }, "sha512-2T2QaO+0/CeZnPMsjv/bGhBSEiBCMY6V/Qi0xhFF/+8yCH8tkzM/kgE7fX5JlrR3gZpl9Bu+C62KTqnvk/bcjw=="],

    "@solana/nominal-types": ["@solana/nominal-types@8.3.0", "", { "peerDependencies": { "typescript": ">=5.4.0" }, "optionalPeers": ["typescript"] }, "sha512-x2aCcMwe6C2tQNq4pAhx4bEd2zhrm3i7DjkdAJAPVCtPKd6ecO6iaV+53/RvE2ImZ0E9aVB41lPV8ZM0dMhRiw=="],

    "@solana/offchain-messages": ["@solana/offchain-messages@8.3.0", "", { "dependencies": { "@solana/addresses": "8.3.0", "@solana/codecs-core": "8.3.0", "@solana/codecs-data-structures": "8.3.0", "@solana/codecs-numbers": "8.3.0", "@solana/codecs-strings": "8.3.0", "@solana/errors": "8.3.0", "@solana/keys": "8.3.0", "@solana/nominal-types": "8.3.0" }, "peerDependencies": { "typescript": ">=5.4.0" }, "optionalPeers": ["typescript"] }, "sha512-zpwwQRTX+aBF97fgZW+T+grZWqKbCMa6moDnYHsCkQg67nCeb9OrPtZxMbCT5bP+kDgMTq2URQwS1NcZOwut+Q=="],

    "@solana/options": ["@solana/options@8.3.0", "", { "dependencies": { "@solana/codecs-core": "8.3.0", "@solana/codecs-data-structures": "8.3.0", "@solana/codecs-numbers": "8.3.0", "@solana/codecs-strings": "8.3.0", "@solana/errors": "8.3.0" }, "peerDependencies": { "typescript": ">=5.4.0" }, "optionalPeers": ["typescript"] }, "sha512-+mi+EvxdjlOxt3dv7wTfzGxVFw0j8flZ8gGSXCx969JrML9EZd3+wgsKuMNb3whbvGa/N5exPZXfzsG+wNlK8A=="],

    "@solana/plugin-core": ["@solana/plugin-core@8.3.0", "", { "peerDependencies": { "typescript": ">=5.4.0" }, "optionalPeers": ["typescript"] }, "sha512-cU5S9QR7C1Xsn9DDRSLN7Vq8+kWy6Fw6g2lwa+9yZqdSqABhmdH5HBJG/Zl8HULz2Ady0y8qHcu8fEZsehuU0g=="],

    "@solana/plugin-interfaces": ["@solana/plugin-interfaces@8.3.0", "", { "dependencies": { "@solana/accounts": "8.3.0", "@solana/addresses": "8.3.0", "@solana/instruction-plans": "8.3.0", "@solana/keys": "8.3.0", "@solana/rpc-spec": "8.3.0", "@solana/rpc-subscriptions-spec": "8.3.0", "@solana/rpc-types": "8.3.0", "@solana/signers": "8.3.0", "@solana/transactions": "8.3.0" }, "peerDependencies": { "typescript": ">=5.4.0" }, "optionalPeers": ["typescript"] }, "sha512-EawuCQiW5A13qdArRODYbAsAvi9fRkORk1hq14kbRAR0A/7XwQLniAWrgKY4WZ1UXuECB/LxKc8uQwfH5u1JOw=="],

    "@solana/program-client-core": ["@solana/program-client-core@8.3.0", "", { "dependencies": { "@solana/accounts": "8.3.0", "@solana/addresses": "8.3.0", "@solana/codecs-core": "8.3.0", "@solana/errors": "8.3.0", "@solana/instruction-plans": "8.3.0", "@solana/instructions": "8.3.0", "@solana/plugin-interfaces": "8.3.0", "@solana/rpc-api": "8.3.0", "@solana/signers": "8.3.0" }, "peerDependencies": { "typescript": ">=5.4.0" }, "optionalPeers": ["typescript"] }, "sha512-GUFVAFaEgVvznI6mrfa69I0SVnO5mD5RpYKdSEHvGnIMzupgjZhTcmhSxMIU06hFA2ZLF+NbKsOKMQFVicOCjw=="],

    "@solana/programs": ["@solana/programs@8.3.0", "", { "dependencies": { "@solana/addresses": "8.3.0", "@solana/errors": "8.3.0" }, "peerDependencies": { "typescript": ">=5.4.0" }, "optionalPeers": ["typescript"] }, "sha512-XosDh9GNaDUCvzpFE2e3M7iQ6tounwrhR16+KInjYNcvQDLgA5yeCbNfByai7OSz9iqEi5nlXjQFIQCckLANVw=="],

    "@solana/promises": ["@solana/promises@8.3.0", "", { "peerDependencies": { "typescript": ">=5.4.0" }, "optionalPeers": ["typescript"] }, "sha512-RekTh1UzvyD1EtF4hjenJDrnpGakJwTCE7cq6auQKtBxQUIJrKwDxmpyiJTJ00wvQYdMfMuyJEPQNuxgm6mxrg=="],

    "@solana/rpc": ["@solana/rpc@8.3.0", "", { "dependencies": { "@solana/errors": "8.3.0", "@solana/fast-stable-stringify": "8.3.0", "@solana/functional": "8.3.0", "@solana/rpc-api": "8.3.0", "@solana/rpc-spec": "8.3.0", "@solana/rpc-spec-types": "8.3.0", "@solana/rpc-transformers": "8.3.0", "@solana/rpc-transport-http": "8.3.0", "@solana/rpc-types": "8.3.0" }, "peerDependencies": { "typescript": ">=5.4.0" }, "optionalPeers": ["typescript"] }, "sha512-giS/v09dby/VD77uDfNrhr5fLi5K5NIOp3jIFfKpdAnfPHgKLv050xdmL9ZltrWucrGuePinzUTLWkdkf4s/cw=="],

    "@solana/rpc-api": ["@solana/rpc-api@8.3.0", "", { "dependencies": { "@solana/addresses": "8.3.0", "@solana/codecs-core": "8.3.0", "@solana/codecs-strings": "8.3.0", "@solana/errors": "8.3.0", "@solana/keys": "8.3.0", "@solana/rpc-parsed-types": "8.3.0", "@solana/rpc-spec": "8.3.0", "@solana/rpc-transformers": "8.3.0", "@solana/rpc-types": "8.3.0", "@solana/transaction-messages": "8.3.0", "@solana/transactions": "8.3.0" }, "peerDependencies": { "typescript": ">=5.4.0" }, "optionalPeers": ["typescript"] }, "sha512-8wvVbQLbp8Mjd0Vcg2IZqkNreSGkgOPe4IhCrO2GqJQyTNAI8Ir6o/Qt3zIj02IQS9LDL9rZPvynL+1PFPSlOA=="],

    "@solana/rpc-parsed-types": ["@solana/rpc-parsed-types@8.3.0", "", { "peerDependencies": { "typescript": ">=5.4.0" }, "optionalPeers": ["typescript"] }, "sha512-cK0Yu7I8HADKYQdlyIuCFd2sq1sCrIm7q0H9nqeS7b5ILLYoH9T3AnCZ437N7Z4jZBekL2DGdpdE2M84F0fphQ=="],

    "@solana/rpc-spec": ["@solana/rpc-spec@8.3.0", "", { "dependencies": { "@solana/errors": "8.3.0", "@solana/rpc-spec-types": "8.3.0", "@solana/subscribable": "8.3.0" }, "peerDependencies": { "typescript": ">=5.4.0" }, "optionalPeers": ["typescript"] }, "sha512-HWMQsAUsW8LOkojFopkkkTSIFAFeYDA6B4NiXtXZ8q5qKRKDB+qCVTC1un8RorKrnayLM7gF73Oi5gPD2ANL/w=="],

    "@solana/rpc-spec-types": ["@solana/rpc-spec-types@8.3.0", "", { "dependencies": { "@solana/errors": "8.3.0" }, "peerDependencies": { "typescript": ">=5.4.0" }, "optionalPeers": ["typescript"] }, "sha512-D757241XGKwmBRlQ1xSGknBqRaXq8ZO0BDl5UupG0UyHsfdk6iKDrJFccaNx1m2LKExzlu8iWZTEdnrueDDL7A=="],

    "@solana/rpc-subscriptions": ["@solana/rpc-subscriptions@8.3.0", "", { "dependencies": { "@solana/errors": "8.3.0", "@solana/fast-stable-stringify": "8.3.0", "@solana/functional": "8.3.0", "@solana/promises": "8.3.0", "@solana/rpc-spec-types": "8.3.0", "@solana/rpc-subscriptions-api": "8.3.0", "@solana/rpc-subscriptions-channel-websocket": "8.3.0", "@solana/rpc-subscriptions-spec": "8.3.0", "@solana/rpc-transformers": "8.3.0", "@solana/rpc-types": "8.3.0", "@solana/subscribable": "8.3.0" }, "peerDependencies": { "typescript": ">=5.4.0" }, "optionalPeers": ["typescript"] }, "sha512-/oI9aXKOTFnIoZ+wmvZeNfSu5h8Vl90a4W6U/K8OZE2AKjK1dbKI4bR1k7P/3SORY9Z0AN2S9UsohQ6Z6n9jKA=="],

    "@solana/rpc-subscriptions-api": ["@solana/rpc-subscriptions-api@8.3.0", "", { "dependencies": { "@solana/addresses": "8.3.0", "@solana/keys": "8.3.0", "@solana/rpc-subscriptions-spec": "8.3.0", "@solana/rpc-transformers": "8.3.0", "@solana/rpc-types": "8.3.0", "@solana/transaction-messages": "8.3.0", "@solana/transactions": "8.3.0" }, "peerDependencies": { "typescript": ">=5.4.0" }, "optionalPeers": ["typescript"] }, "sha512-NHjPuylayZHuBNXPkMT0sMHGUKAenck+P9Iep1ZzfH0py9SJcKOU8LHecSdGl7GjHk0SCs+iCBew+89JYrcTaA=="],

    "@solana/rpc-subscriptions-channel-websocket": ["@solana/rpc-subscriptions-channel-websocket@8.3.0", "", { "dependencies": { "@solana/errors": "8.3.0", "@solana/functional": "8.3.0", "@solana/rpc-subscriptions-spec": "8.3.0", "@solana/subscribable": "8.3.0", "ws": "^8.21.3" }, "peerDependencies": { "typescript": ">=5.4.0" }, "optionalPeers": ["typescript"] }, "sha512-4Ix52idqRT3q0Ty5sr9lUj/S8Flf+/8q7NMuAxYNH827C71AO6vVpkpAY1YpU53MKnKy0Tox0mLLScocftgEJQ=="],

    "@solana/rpc-subscriptions-spec": ["@solana/rpc-subscriptions-spec@8.3.0", "", { "dependencies": { "@solana/errors": "8.3.0", "@solana/promises": "8.3.0", "@solana/rpc-spec-types": "8.3.0", "@solana/subscribable": "8.3.0" }, "peerDependencies": { "typescript": ">=5.4.0" }, "optionalPeers": ["typescript"] }, "sha512-iv6f4N7Pva3KGljkT4kEBsMDjWVHShtysuPOko8doLBSKuelOj+b+79iYpezeu6hpbZ0YxBvlmJkOtUyeIhRJA=="],

    "@solana/rpc-transformers": ["@solana/rpc-transformers@8.3.0", "", { "dependencies": { "@solana/errors": "8.3.0", "@solana/functional": "8.3.0", "@solana/nominal-types": "8.3.0", "@solana/rpc-spec-types": "8.3.0", "@solana/rpc-types": "8.3.0" }, "peerDependencies": { "typescript": ">=5.4.0" }, "optionalPeers": ["typescript"] }, "sha512-eDn1PwS+MbMAJN4ZSWzMYGt0jEwvyaZJwDeQdOdWYEkqKJKlLsO1AAxLmz3LW3R/iKyWa4KwjrJ5Ia9oAugS6g=="],

    "@solana/rpc-transport-http": ["@solana/rpc-transport-http@8.3.0", "", { "dependencies": { "@solana/errors": "8.3.0", "@solana/rpc-spec": "8.3.0", "@solana/rpc-spec-types": "8.3.0", "undici-types": "^8.10.2" }, "peerDependencies": { "typescript": ">=5.4.0" }, "optionalPeers": ["typescript"] }, "sha512-XD3Bo5KZekQhrReoF6UzFW66NUYqa4Rg1wBjFEIsC/sABhLJ+062O1GPS3HY9AcxZBW48rAmfNe1Qqkerxajzw=="],

    "@solana/rpc-types": ["@solana/rpc-types@8.3.0", "", { "dependencies": { "@solana/addresses": "8.3.0", "@solana/codecs-core": "8.3.0", "@solana/codecs-numbers": "8.3.0", "@solana/codecs-strings": "8.3.0", "@solana/errors": "8.3.0", "@solana/fixed-points": "8.3.0", "@solana/nominal-types": "8.3.0" }, "peerDependencies": { "typescript": ">=5.4.0" }, "optionalPeers": ["typescript"] }, "sha512-T8DlDU5hu/pspKNWriwkJHXqzb7B6EQVVC6sgciZp78VB9R413+K6QhC7jZc96mNcoaATKRRg2tDDyiezKZVIg=="],

    "@solana/signers": ["@solana/signers@8.3.0", "", { "dependencies": { "@solana/addresses": "8.3.0", "@solana/codecs-core": "8.3.0", "@solana/errors": "8.3.0", "@solana/instructions": "8.3.0", "@solana/keys": "8.3.0", "@solana/nominal-types": "8.3.0", "@solana/offchain-messages": "8.3.0", "@solana/transaction-messages": "8.3.0", "@solana/transactions": "8.3.0" }, "peerDependencies": { "typescript": ">=5.4.0" }, "optionalPeers": ["typescript"] }, "sha512-uNiJZV6npLBQ0jYsK5fmtemZ0igQ4HW9QR9t5qSxbxRa52yZjzX7zkSpFhQJsxvBCAUR2ppVmhanDeupPXf4Mw=="],

    "@solana/subscribable": ["@solana/subscribable@8.3.0", "", { "dependencies": { "@solana/errors": "8.3.0", "@solana/promises": "8.3.0" }, "peerDependencies": { "typescript": ">=5.4.0" }, "optionalPeers": ["typescript"] }, "sha512-tLoGNOt19oUTxIoOaBxQRNxKJET/IXBx1NZkGD1lh4X8iNc6V0lY3MMIWjNvRivFIpzeWtWYxX/tAb27xpmcXg=="],

    "@solana/sysvars": ["@solana/sysvars@8.3.0", "", { "dependencies": { "@solana/accounts": "8.3.0", "@solana/codecs-core": "8.3.0", "@solana/codecs-data-structures": "8.3.0", "@solana/codecs-numbers": "8.3.0", "@solana/errors": "8.3.0", "@solana/rpc-types": "8.3.0" }, "peerDependencies": { "typescript": ">=5.4.0" }, "optionalPeers": ["typescript"] }, "sha512-SXnKqpV4pj3vLvcyBn8+jeVouu4Bbk0PTmHMknsig6edWcpmvAXkufcRdxgVy5t58pdSf1+GlJGEEhP5NR/0xA=="],

    "@solana/transaction-confirmation": ["@solana/transaction-confirmation@8.3.0", "", { "dependencies": { "@solana/addresses": "8.3.0", "@solana/codecs-strings": "8.3.0", "@solana/errors": "8.3.0", "@solana/keys": "8.3.0", "@solana/promises": "8.3.0", "@solana/rpc": "8.3.0", "@solana/rpc-subscriptions": "8.3.0", "@solana/rpc-types": "8.3.0", "@solana/transaction-messages": "8.3.0", "@solana/transactions": "8.3.0" }, "peerDependencies": { "typescript": ">=5.4.0" }, "optionalPeers": ["typescript"] }, "sha512-xx4sO4+0nP84SvxPPmHFKkUyBEQDFC2Vn8eqV8qEG3yo0ruHlZ45g0IeYhz9WS20WPgkXvGB5bVU8Y3yv/4vPw=="],

    "@solana/transaction-introspection": ["@solana/transaction-introspection@8.3.0", "", { "dependencies": { "@solana/addresses": "8.3.0", "@solana/codecs-core": "8.3.0", "@solana/codecs-strings": "8.3.0", "@solana/errors": "8.3.0", "@solana/instructions": "8.3.0", "@solana/rpc-types": "8.3.0", "@solana/transaction-messages": "8.3.0", "@solana/transactions": "8.3.0" }, "peerDependencies": { "typescript": ">=5.4.0" }, "optionalPeers": ["typescript"] }, "sha512-uuPNYLhgueMG1ZxWH+SqPHiyz7KM0vFUDPCVRQUVTTWFryWDeu6GExfy+mFMPRR25cp+hWYmYhddub8BU2sPXQ=="],

    "@solana/transaction-messages": ["@solana/transaction-messages@8.3.0", "", { "dependencies": { "@solana/addresses": "8.3.0", "@solana/codecs-core": "8.3.0", "@solana/codecs-data-structures": "8.3.0", "@solana/codecs-numbers": "8.3.0", "@solana/errors": "8.3.0", "@solana/functional": "8.3.0", "@solana/instructions": "8.3.0", "@solana/nominal-types": "8.3.0", "@solana/rpc-types": "8.3.0" }, "peerDependencies": { "typescript": ">=5.4.0" }, "optionalPeers": ["typescript"] }, "sha512-AkgHRPOnwonB7n81rTwnZ9WFlagnhzDzXKGhETdffzC+A1GifXC2s/ou0/qNozuqlgPVDaBR02S/A3Vt1tYr/g=="],

    "@solana/transactions": ["@solana/transactions@8.3.0", "", { "dependencies": { "@solana/addresses": "8.3.0", "@solana/codecs-core": "8.3.0", "@solana/codecs-data-structures": "8.3.0", "@solana/codecs-numbers": "8.3.0", "@solana/codecs-strings": "8.3.0", "@solana/errors": "8.3.0", "@solana/functional": "8.3.0", "@solana/instructions": "8.3.0", "@solana/keys": "8.3.0", "@solana/nominal-types": "8.3.0", "@solana/rpc-types": "8.3.0", "@solana/transaction-messages": "8.3.0" }, "peerDependencies": { "typescript": ">=5.4.0" }, "optionalPeers": ["typescript"] }, "sha512-zNCHu2W3t6r4W3rsCA5vZ93bGqcZPNgfgYjTamRC6xTZPP2qn5JR+bSR9/WBMpi8GwLzWYuDk6YtNp3+pYGKuQ=="],

    "@x402/core": ["@x402/core@2.27.0", "", { "dependencies": { "zod": "^3.24.2" } }, "sha512-UbxCKnoTsg5nQX9fYER3g9tt5l80jHm1IZOmDczQRqE0cwskls5r+VAAj0iUQfHVshnpv0qo/rLFI7UntqL96g=="],

    "@x402/svm": ["@x402/svm@2.27.0", "", { "dependencies": { "@noble/hashes": "^1.8.0", "@solana-program/compute-budget": "^0.11.0", "@solana-program/token": "^0.9.0", "@solana-program/token-2022": "^0.6.1", "@x402/core": "~2.27.0" }, "peerDependencies": { "@solana/kit": ">=5.1.0" } }, "sha512-ObRKE5qAVit/oSdscfno3M52PX4PDV2VuyYJPOE4rIzR6fzHNRaAjRi9EgzU6otvYhVhm7ejiZbYlp1DEwMJag=="],

    "chalk": ["chalk@5.6.2", "", {}, "sha512-7NzBL0rN6fMUW+f7A6Io4h40qQlG+xGmtMxfbnH/K7TAtt8JQWVQK+6g0UXKMeVJoyV5EkkNsErQ8pVD3bLHbA=="],

    "commander": ["commander@15.0.0", "", {}, "sha512-z67u4ZhzCL/Tydu1lJARtEZYWbWaN7oYLHbsuzocr6y4N6WZAagG3RQ4FW61V1/0+jImpj293XfrcYnd1qxtPg=="],

    "jsqr": ["jsqr@1.4.0", "", {}, "sha512-dxLob7q65Xg2DvstYkRpkYtmKm2sPJ9oFhrhmudT1dZvNFFTlroai3AWSpLey/w5vMcLBXRgOJsbXpdN9HzU/A=="],

    "node-forge": ["node-forge@1.4.0", "", {}, "sha512-LarFH0+6VfriEhqMMcLX2F7SwSXeWwnEAJEsYm5QKWchiVYVvJyV9v7UDvUv+w5HO23ZpQTXDv/GxdDdMyOuoQ=="],

    "undici-types": ["undici-types@8.11.2", "", {}, "sha512-iMVNmWZ0leK/goS6eXMizSzmm9CDWtyphwbaCms3DNLqRxDL+mMoNVcZMTyyVgXP0N+Z8neAMzDoUOUJL8veKg=="],

    "uqr": ["uqr@0.1.3", "", {}, "sha512-0rjE8iEJe4YmT9TOhwsZtqCMRLc5DXZUI2UEYUUg63ikBkqqE5EYWaI0etFe/5KUcmcYwLih2RND1kq+hrUJXA=="],

    "ws": ["ws@8.22.0", "", { "peerDependencies": { "bufferutil": "^4.0.1", "utf-8-validate": ">=5.0.2" }, "optionalPeers": ["bufferutil", "utf-8-validate"] }, "sha512-Ydggc987+RO0AnWtZ/7Wq9FtNvcrL1b/RO0ud9mWjUPgDrsAAwQSF51sm2hm1XofbU/4jkpGEsLFsZZxU+1DOg=="],

    "zod": ["zod@3.25.76", "", {}, "sha512-gzUt/qt81nXsFGKIFcC3YnfEAx5NkunCfnDlvuBSSFS02bcXu4Lmea0AFIUwbLWxWPx3d9p8S5QoaujKcNQxcQ=="],

    "@x402/svm/@noble/hashes": ["@noble/hashes@1.8.0", "", {}, "sha512-jCs9ldd7NwzpgXDIf6P3+NrHh9/sD6CQdxHyjQI+h/6rDNo88ypBxxz45UDuZHz9r3tNz7N/VInSVoVdtXEI4A=="],

    "@x402/svm/@solana-program/token": ["@solana-program/token@0.9.0", "", { "peerDependencies": { "@solana/kit": "^5.0" } }, "sha512-vnZxndd4ED4Fc56sw93cWZ2djEeeOFxtaPS8SPf5+a+JZjKA/EnKqzbE1y04FuMhIVrLERQ8uR8H2h72eZzlsA=="],
  }
}
